
Microsoft Visual Studio Solution File, Format Version 12.00
# Visual Studio Version 16
VisualStudioVersion = 16.0.30002.166
MinimumVisualStudioVersion = 10.0.40219.1
Project("{FAE04EC0-301F-11D3-BF4B-00C04F79EFBC}") = "Agenda", "Agenda\Agenda.csproj", "{575368EA-8361-4C5E-97EB-96546051501B}"
EndProject
Global
	GlobalSection(SolutionConfigurationPlatforms) = preSolution
		Debug|Any CPU = Debug|Any CPU
		Release|Any CPU = Release|Any CPU
	EndGlobalSection
	GlobalSection(ProjectConfigurationPlatforms) = postSolution
		{575368EA-8361-4C5E-97EB-96546051501B}.Debug|Any CPU.ActiveCfg = Debug|Any CPU
		{575368EA-8361-4C5E-97EB-96546051501B}.Debug|Any CPU.Build.0 = Debug|Any CPU
		{575368EA-8361-4C5E-97EB-96546051501B}.Release|Any CPU.ActiveCfg = Release|Any CPU
		{575368EA-8361-4C5E-97EB-96546051501B}.Release|Any CPU.Build.0 = Release|Any CPU
	EndGlobalSection
	GlobalSection(SolutionProperties) = preSolution
		HideSolutionNode = FALSE
	EndGlobalSection
	GlobalSection(ExtensibilityGlobals) = postSolution
		SolutionGuid = {84309217-9594-42B6-8EA1-A3707554FF33}
	EndGlobalSection
EndGlobal
